[[package]]
name = "asgiref"
version = "3.5.2"
description = "ASGI specs, helper code, and adapters"
category = "main"
optional = false
python-versions = ">=3.7"

[package.extras]
tests = ["pytest", "pytest-asyncio", "mypy (>=0.800)"]

[[package]]
name = "atomicwrites"
version = "1.4.0"
description = "Atomic file writes."
category = "dev"
optional = false
python-versions = ">=2.7, !=3.0.*, !=3.1.*, !=3.2.*, !=3.3.*"

[[package]]
name = "attrs"
version = "21.4.0"
description = "Classes Without Boilerplate"
category = "dev"
optional = false
python-versions = ">=2.7, !=3.0.*, !=3.1.*, !=3.2.*, !=3.3.*, !=3.4.*"

[package.extras]
dev = ["coverage[toml] (>=5.0.2)", "hypothesis", "pympler", "pytest (>=4.3.0)", "six", "mypy", "pytest-mypy-plugins", "zope.interface", "furo", "sphinx", "sphinx-notfound-page", "pre-commit", "cloudpickle"]
docs = ["furo", "sphinx", "zope.interface", "sphinx-notfound-page"]
tests = ["coverage[toml] (>=5.0.2)", "hypothesis", "pympler", "pytest (>=4.3.0)", "six", "mypy", "pytest-mypy-plugins", "zope.interface", "cloudpickle"]
tests_no_zope = ["coverage[toml] (>=5.0.2)", "hypothesis", "pympler", "pytest (>=4.3.0)", "six", "mypy", "pytest-mypy-plugins", "cloudpickle"]

[[package]]
name = "backports.zoneinfo"
version = "0.2.1"
description = "Backport of the standard library zoneinfo module"
category = "main"
optional = false
python-versions = ">=3.6"

[package.extras]
tzdata = ["tzdata"]

[[package]]
name = "colorama"
version = "0.4.4"
description = "Cross-platform colored terminal text."
category = "dev"
optional = false
python-versions = ">=2.7, !=3.0.*, !=3.1.*, !=3.2.*, !=3.3.*, !=3.4.*"

[[package]]
name = "coverage"
version = "6.4"
description = "Code coverage measurement for Python"
category = "dev"
optional = false
python-versions = ">=3.7"

[package.dependencies]
tomli = {version = "*", optional = true, markers = "python_version < \"3.11\" and extra == \"toml\""}

[package.extras]
toml = ["tomli"]

[[package]]
name = "django"
version = "4.0.4"
description = "A high-level Python web framework that encourages rapid development and clean, pragmatic design."
category = "main"
optional = false
python-versions = ">=3.8"

[package.dependencies]
asgiref = ">=3.4.1,<4"
"backports.zoneinfo" = {version = "*", markers = "python_version < \"3.9\""}
sqlparse = ">=0.2.2"
tzdata = {version = "*", markers = "sys_platform == \"win32\""}

[package.extras]
argon2 = ["argon2-cffi (>=19.1.0)"]
bcrypt = ["bcrypt"]

[[package]]
name = "flake8"
version = "4.0.1"
description = "the modular source code checker: pep8 pyflakes and co"
category = "dev"
optional = false
python-versions = ">=3.6"

[package.dependencies]
mccabe = ">=0.6.0,<0.7.0"
pycodestyle = ">=2.8.0,<2.9.0"
pyflakes = ">=2.4.0,<2.5.0"

[[package]]
name = "iniconfig"
version = "1.1.1"
description = "iniconfig: brain-dead simple config-ini parsing"
category = "dev"
optional = false
python-versions = "*"

[[package]]
name = "mccabe"
version = "0.6.1"
description = "McCabe checker, plugin for flake8"
category = "dev"
optional = false
python-versions = "*"

[[package]]
name = "packaging"
version = "21.3"
description = "Core utilities for Python packages"
category = "dev"
optional = false
python-versions = ">=3.6"

[package.dependencies]
pyparsing = ">=2.0.2,<3.0.5 || >3.0.5"

[[package]]
name = "pluggy"
version = "1.0.0"
description = "plugin and hook calling mechanisms for python"
category = "dev"
optional = false
python-versions = ">=3.6"

[package.extras]
dev = ["pre-commit", "tox"]
testing = ["pytest", "pytest-benchmark"]

[[package]]
name = "py"
version = "1.11.0"
description = "library with cross-python path, ini-parsing, io, code, log facilities"
category = "dev"
optional = false
python-versions = ">=2.7, !=3.0.*, !=3.1.*, !=3.2.*, !=3.3.*, !=3.4.*"

[[package]]
name = "pycodestyle"
version = "2.8.0"
description = "Python style guide checker"
category = "dev"
optional = false
python-versions = ">=2.7, !=3.0.*, !=3.1.*, !=3.2.*, !=3.3.*, !=3.4.*"

[[package]]
name = "pyflakes"
version = "2.4.0"
description = "passive checker of Python programs"
category = "dev"
optional = false
python-versions = ">=2.7, !=3.0.*, !=3.1.*, !=3.2.*, !=3.3.*"

[[package]]
name = "pyparsing"
version = "3.0.9"
description = "pyparsing module - Classes and methods to define and execute parsing grammars"
category = "dev"
optional = false
python-versions = ">=3.6.8"

[package.extras]
diagrams = ["railroad-diagrams", "jinja2"]

[[package]]
name = "pytest"
version = "7.1.2"
description = "pytest: simple powerful testing with Python"
category = "dev"
optional = false
python-versions = ">=3.7"

[package.dependencies]
atomicwrites = {version = ">=1.0", markers = "sys_platform == \"win32\""}
attrs = ">=19.2.0"
colorama = {version = "*", markers = "sys_platform == \"win32\""}
iniconfig = "*"
packaging = "*"
pluggy = ">=0.12,<2.0"
py = ">=1.8.2"
tomli = ">=1.0.0"

[package.extras]
testing = ["argcomplete", "hypothesis (>=3.56)", "mock", "nose", "pygments (>=2.7.2)", "requests", "xmlschema"]

[[package]]
name = "pytest-cov"
version = "3.0.0"
description = "Pytest plugin for measuring coverage."
category = "dev"
optional = false
python-versions = ">=3.6"

[package.dependencies]
coverage = {version = ">=5.2.1", extras = ["toml"]}
pytest = ">=4.6"

[package.extras]
testing = ["fields", "hunter", "process-tests", "six", "pytest-xdist", "virtualenv"]

[[package]]
name = "pytest-django"
version = "4.5.2"
description = "A Django plugin for pytest."
category = "dev"
optional = false
python-versions = ">=3.5"

[package.dependencies]
pytest = ">=5.4.0"

[package.extras]
docs = ["sphinx", "sphinx-rtd-theme"]
testing = ["django", "django-configurations (>=2.0)"]

[[package]]
name = "pytest-flake8"
version = "1.1.1"
description = "pytest plugin to check FLAKE8 requirements"
category = "dev"
optional = false
python-versions = "*"

[package.dependencies]
flake8 = ">=4.0"
pytest = ">=7.0"

[[package]]
name = "sqlparse"
version = "0.4.2"
description = "A non-validating SQL parser."
category = "main"
optional = false
python-versions = ">=3.5"

[[package]]
name = "tomli"
version = "2.0.1"
description = "A lil' TOML parser"
category = "dev"
optional = false
python-versions = ">=3.7"

[[package]]
name = "tzdata"
version = "2022.1"
description = "Provider of IANA time zone data"
category = "main"
optional = false
python-versions = ">=2"

[metadata]
lock-version = "1.1"
python-versions = "^3.8"
content-hash = "1548fc18d2d2945e980fbaa8359bf80abfc2beb50a486109bdf1d6db3ee188ec"

[metadata.files]
asgiref = [
    {file = "asgiref-3.5.2-py3-none-any.whl", hash = "sha256:1d2880b792ae8757289136f1db2b7b99100ce959b2aa57fd69dab783d05afac4"},
    {file = "asgiref-3.5.2.tar.gz", hash = "sha256:4a29362a6acebe09bf1d6640db38c1dc3d9217c68e6f9f6204d72667fc19a424"},
]
atomicwrites = [
    {file = "atomicwrites-1.4.0-py2.py3-none-any.whl", hash = "sha256:6d1784dea7c0c8d4a5172b6c620f40b6e4cbfdf96d783691f2e1302a7b88e197"},
    {file = "atomicwrites-1.4.0.tar.gz", hash = "sha256:ae70396ad1a434f9c7046fd2dd196fc04b12f9e91ffb859164193be8b6168a7a"},
]
attrs = [
    {file = "attrs-21.4.0-py2.py3-none-any.whl", hash = "sha256:2d27e3784d7a565d36ab851fe94887c5eccd6a463168875832a1be79c82828b4"},
    {file = "attrs-21.4.0.tar.gz", hash = "sha256:626ba8234211db98e869df76230a137c4c40a12d72445c45d5f5b716f076e2fd"},
]
"backports.zoneinfo" = [
    {file = "backports.zoneinfo-0.2.1-cp36-cp36m-macosx_10_14_x86_64.whl", hash = "sha256:da6013fd84a690242c310d77ddb8441a559e9cb3d3d59ebac9aca1a57b2e18bc"},
    {file = "backports.zoneinfo-0.2.1-cp36-cp36m-manylinux1_i686.whl", hash = "sha256:89a48c0d158a3cc3f654da4c2de1ceba85263fafb861b98b59040a5086259722"},
    {file = "backports.zoneinfo-0.2.1-cp36-cp36m-manylinux1_x86_64.whl", hash = "sha256:1c5742112073a563c81f786e77514969acb58649bcdf6cdf0b4ed31a348d4546"},
    {file = "backports.zoneinfo-0.2.1-cp36-cp36m-win32.whl", hash = "sha256:e8236383a20872c0cdf5a62b554b27538db7fa1bbec52429d8d106effbaeca08"},
    {file = "backports.zoneinfo-0.2.1-cp36-cp36m-win_amd64.whl", hash = "sha256:8439c030a11780786a2002261569bdf362264f605dfa4d65090b64b05c9f79a7"},
    {file = "backports.zoneinfo-0.2.1-cp37-cp37m-macosx_10_14_x86_64.whl", hash = "sha256:f04e857b59d9d1ccc39ce2da1021d196e47234873820cbeaad210724b1ee28ac"},
    {file = "backports.zoneinfo-0.2.1-cp37-cp37m-manylinux1_i686.whl", hash = "sha256:17746bd546106fa389c51dbea67c8b7c8f0d14b5526a579ca6ccf5ed72c526cf"},
    {file = "backports.zoneinfo-0.2.1-cp37-cp37m-manylinux1_x86_64.whl", hash = "sha256:5c144945a7752ca544b4b78c8c41544cdfaf9786f25fe5ffb10e838e19a27570"},
    {file = "backports.zoneinfo-0.2.1-cp37-cp37m-win32.whl", hash = "sha256:e55b384612d93be96506932a786bbcde5a2db7a9e6a4bb4bffe8b733f5b9036b"},
    {file = "backports.zoneinfo-0.2.1-cp37-cp37m-win_amd64.whl", hash = "sha256:a76b38c52400b762e48131494ba26be363491ac4f9a04c1b7e92483d169f6582"},
    {file = "backports.zoneinfo-0.2.1-cp38-cp38-macosx_10_14_x86_64.whl", hash = "sha256:8961c0f32cd0336fb8e8ead11a1f8cd99ec07145ec2931122faaac1c8f7fd987"},
    {file = "backports.zoneinfo-0.2.1-cp38-cp38-manylinux1_i686.whl", hash = "sha256:e81b76cace8eda1fca50e345242ba977f9be6ae3945af8d46326d776b4cf78d1"},
    {file = "backports.zoneinfo-0.2.1-cp38-cp38-manylinux1_x86_64.whl", hash = "sha256:7b0a64cda4145548fed9efc10322770f929b944ce5cee6c0dfe0c87bf4c0c8c9"},
    {file = "backports.zoneinfo-0.2.1-cp38-cp38-win32.whl", hash = "sha256:1b13e654a55cd45672cb54ed12148cd33628f672548f373963b0bff67b217328"},
    {file = "backports.zoneinfo-0.2.1-cp38-cp38-win_amd64.whl", hash = "sha256:4a0f800587060bf8880f954dbef70de6c11bbe59c673c3d818921f042f9954a6"},
    {file = "backports.zoneinfo-0.2.1.tar.gz", hash = "sha256:fadbfe37f74051d024037f223b8e001611eac868b5c5b06144ef4d8b799862f2"},
]
colorama = [
    {file = "colorama-0.4.4-py2.py3-none-any.whl", hash = "sha256:9f47eda37229f68eee03b24b9748937c7dc3868f906e8ba69fbcbdd3bc5dc3e2"},
    {file = "colorama-0.4.4.tar.gz", hash = "sha256:5941b2b48a20143d2267e95b1c2a7603ce057ee39fd88e7329b0c292aa16869b"},
]
coverage = [
    {file = "coverage-6.4-cp310-cp310-macosx_10_9_x86_64.whl", hash = "sha256:50ed480b798febce113709846b11f5d5ed1e529c88d8ae92f707806c50297abf"},
    {file = "coverage-6.4-cp310-cp310-macosx_11_0_arm64.whl", hash = "sha256:26f8f92699756cb7af2b30720de0c5bb8d028e923a95b6d0c891088025a1ac8f"},
    {file = "coverage-6.4-cp310-cp310-manylinux_2_17_aarch64.manylinux2014_aarch64.whl", hash = "sha256:60c2147921da7f4d2d04f570e1838db32b95c5509d248f3fe6417e91437eaf41"},
    {file = "coverage-6.4-cp310-cp310-manylinux_2_5_i686.manylinux1_i686.manylinux_2_17_i686.manylinux2014_i686.whl", hash = "sha256:750e13834b597eeb8ae6e72aa58d1d831b96beec5ad1d04479ae3772373a8088"},
    {file = "coverage-6.4-cp310-cp310-manylinux_2_5_x86_64.manylinux1_x86_64.manylinux_2_17_x86_64.manylinux2014_x86_64.whl", hash = "sha256:af5b9ee0fc146e907aa0f5fb858c3b3da9199d78b7bb2c9973d95550bd40f701"},
    {file = "coverage-6.4-cp310-cp310-musllinux_1_1_aarch64.whl", hash = "sha256:a022394996419142b33a0cf7274cb444c01d2bb123727c4bb0b9acabcb515dea"},
    {file = "coverage-6.4-cp310-cp310-musllinux_1_1_i686.whl", hash = "sha256:5a78cf2c43b13aa6b56003707c5203f28585944c277c1f3f109c7b041b16bd39"},
    {file = "coverage-6.4-cp310-cp310-musllinux_1_1_x86_64.whl", hash = "sha256:9229d074e097f21dfe0643d9d0140ee7433814b3f0fc3706b4abffd1e3038632"},
    {file = "coverage-6.4-cp310-cp310-win32.whl", hash = "sha256:fb45fe08e1abc64eb836d187b20a59172053999823f7f6ef4f18a819c44ba16f"},
    {file = "coverage-6.4-cp310-cp310-win_amd64.whl", hash = "sha256:3cfd07c5889ddb96a401449109a8b97a165be9d67077df6802f59708bfb07720"},
    {file = "coverage-6.4-cp37-cp37m-macosx_10_9_x86_64.whl", hash = "sha256:03014a74023abaf5a591eeeaf1ac66a73d54eba178ff4cb1fa0c0a44aae70383"},
    {file = "coverage-6.4-cp37-cp37m-manylinux_2_17_aarch64.manylinux2014_aarch64.whl", hash = "sha256:9c82f2cd69c71698152e943f4a5a6b83a3ab1db73b88f6e769fabc86074c3b08"},
    {file = "coverage-6.4-cp37-cp37m-manylinux_2_5_i686.manylinux1_i686.manylinux_2_17_i686.manylinux2014_i686.whl", hash = "sha256:7b546cf2b1974ddc2cb222a109b37c6ed1778b9be7e6b0c0bc0cf0438d9e45a6"},
    {file = "coverage-6.4-cp37-cp37m-manylinux_2_5_x86_64.manylinux1_x86_64.manylinux_2_17_x86_64.manylinux2014_x86_64.whl", hash = "sha256:cc173f1ce9ffb16b299f51c9ce53f66a62f4d975abe5640e976904066f3c835d"},
    {file = "coverage-6.4-cp37-cp37m-musllinux_1_1_aarch64.whl", hash = "sha256:c53ad261dfc8695062fc8811ac7c162bd6096a05a19f26097f411bdf5747aee7"},
    {file = "coverage-6.4-cp37-cp37m-musllinux_1_1_i686.whl", hash = "sha256:eef5292b60b6de753d6e7f2d128d5841c7915fb1e3321c3a1fe6acfe76c38052"},
    {file = "coverage-6.4-cp37-cp37m-musllinux_1_1_x86_64.whl", hash = "sha256:543e172ce4c0de533fa892034cce260467b213c0ea8e39da2f65f9a477425211"},
    {file = "coverage-6.4-cp37-cp37m-win32.whl", hash = "sha256:00c8544510f3c98476bbd58201ac2b150ffbcce46a8c3e4fb89ebf01998f806a"},
    {file = "coverage-6.4-cp37-cp37m-win_amd64.whl", hash = "sha256:b84ab65444dcc68d761e95d4d70f3cfd347ceca5a029f2ffec37d4f124f61311"},
    {file = "coverage-6.4-cp38-cp38-macosx_10_9_x86_64.whl", hash = "sha256:d548edacbf16a8276af13063a2b0669d58bbcfca7c55a255f84aac2870786a61"},
    {file = "coverage-6.4-cp38-cp38-macosx_11_0_arm64.whl", hash = "sha256:033ebec282793bd9eb988d0271c211e58442c31077976c19c442e24d827d356f"},
    {file = "coverage-6.4-cp38-cp38-manylinux_2_17_aarch64.manylinux2014_aarch64.whl", hash = "sha256:742fb8b43835078dd7496c3c25a1ec8d15351df49fb0037bffb4754291ef30ce"},
    {file = "coverage-6.4-cp38-cp38-manylinux_2_5_i686.manylinux1_i686.manylinux_2_17_i686.manylinux2014_i686.whl", hash = "sha256:d55fae115ef9f67934e9f1103c9ba826b4c690e4c5bcf94482b8b2398311bf9c"},
    {file = "coverage-6.4-cp38-cp38-manylinux_2_5_x86_64.manylinux1_x86_64.manylinux_2_17_x86_64.manylinux2014_x86_64.whl", hash = "sha256:5cd698341626f3c77784858427bad0cdd54a713115b423d22ac83a28303d1d95"},
    {file = "coverage-6.4-cp38-cp38-musllinux_1_1_aarch64.whl", hash = "sha256:62d382f7d77eeeaff14b30516b17bcbe80f645f5cf02bb755baac376591c653c"},
    {file = "coverage-6.4-cp38-cp38-musllinux_1_1_i686.whl", hash = "sha256:016d7f5cf1c8c84f533a3c1f8f36126fbe00b2ec0ccca47cc5731c3723d327c6"},
    {file = "coverage-6.4-cp38-cp38-musllinux_1_1_x86_64.whl", hash = "sha256:69432946f154c6add0e9ede03cc43b96e2ef2733110a77444823c053b1ff5166"},
    {file = "coverage-6.4-cp38-cp38-win32.whl", hash = "sha256:83bd142cdec5e4a5c4ca1d4ff6fa807d28460f9db919f9f6a31babaaa8b88426"},
    {file = "coverage-6.4-cp38-cp38-win_amd64.whl", hash = "sha256:4002f9e8c1f286e986fe96ec58742b93484195defc01d5cc7809b8f7acb5ece3"},
    {file = "coverage-6.4-cp39-cp39-macosx_10_9_x86_64.whl", hash = "sha256:e4f52c272fdc82e7c65ff3f17a7179bc5f710ebc8ce8a5cadac81215e8326740"},
    {file = "coverage-6.4-cp39-cp39-macosx_11_0_arm64.whl", hash = "sha256:b5578efe4038be02d76c344007b13119b2b20acd009a88dde8adec2de4f630b5"},
    {file = "coverage-6.4-cp39-cp39-manylinux_2_17_aarch64.manylinux2014_aarch64.whl", hash = "sha256:d8099ea680201c2221f8468c372198ceba9338a5fec0e940111962b03b3f716a"},
    {file = "coverage-6.4-cp39-cp39-manylinux_2_5_i686.manylinux1_i686.manylinux_2_17_i686.manylinux2014_i686.whl", hash = "sha256:a00441f5ea4504f5abbc047589d09e0dc33eb447dc45a1a527c8b74bfdd32c65"},
    {file = "coverage-6.4-cp39-cp39-manylinux_2_5_x86_64.manylinux1_x86_64.manylinux_2_17_x86_64.manylinux2014_x86_64.whl", hash = "sha256:2e76bd16f0e31bc2b07e0fb1379551fcd40daf8cdf7e24f31a29e442878a827c"},
    {file = "coverage-6.4-cp39-cp39-musllinux_1_1_aarch64.whl", hash = "sha256:8d2e80dd3438e93b19e1223a9850fa65425e77f2607a364b6fd134fcd52dc9df"},
    {file = "coverage-6.4-cp39-cp39-musllinux_1_1_i686.whl", hash = "sha256:341e9c2008c481c5c72d0e0dbf64980a4b2238631a7f9780b0fe2e95755fb018"},
    {file = "coverage-6.4-cp39-cp39-musllinux_1_1_x86_64.whl", hash = "sha256:21e6686a95025927775ac501e74f5940cdf6fe052292f3a3f7349b0abae6d00f"},
    {file = "coverage-6.4-cp39-cp39-win32.whl", hash = "sha256:968ed5407f9460bd5a591cefd1388cc00a8f5099de9e76234655ae48cfdbe2c3"},
    {file = "coverage-6.4-cp39-cp39-win_amd64.whl", hash = "sha256:e35217031e4b534b09f9b9a5841b9344a30a6357627761d4218818b865d45055"},
    {file = "coverage-6.4-pp36.pp37.pp38-none-any.whl", hash = "sha256:e637ae0b7b481905358624ef2e81d7fb0b1af55f5ff99f9ba05442a444b11e45"},
    {file = "coverage-6.4.tar.gz", hash = "sha256:727dafd7f67a6e1cad808dc884bd9c5a2f6ef1f8f6d2f22b37b96cb0080d4f49"},
]
django = [
    {file = "Django-4.0.4-py3-none-any.whl", hash = "sha256:07c8638e7a7f548dc0acaaa7825d84b7bd42b10e8d22268b3d572946f1e9b687"},
    {file = "Django-4.0.4.tar.gz", hash = "sha256:4e8177858524417563cc0430f29ea249946d831eacb0068a1455686587df40b5"},
]
flake8 = [
    {file = "flake8-4.0.1-py2.py3-none-any.whl", hash = "sha256:479b1304f72536a55948cb40a32dce8bb0ffe3501e26eaf292c7e60eb5e0428d"},
    {file = "flake8-4.0.1.tar.gz", hash = "sha256:806e034dda44114815e23c16ef92f95c91e4c71100ff52813adf7132a6ad870d"},
]
iniconfig = [
    {file = "iniconfig-1.1.1-py2.py3-none-any.whl", hash = "sha256:011e24c64b7f47f6ebd835bb12a743f2fbe9a26d4cecaa7f53bc4f35ee9da8b3"},
    {file = "iniconfig-1.1.1.tar.gz", hash = "sha256:bc3af051d7d14b2ee5ef9969666def0cd1a000e121eaea580d4a313df4b37f32"},
]
mccabe = [
    {file = "mccabe-0.6.1-py2.py3-none-any.whl", hash = "sha256:ab8a6258860da4b6677da4bd2fe5dc2c659cff31b3ee4f7f5d64e79735b80d42"},
    {file = "mccabe-0.6.1.tar.gz", hash = "sha256:dd8d182285a0fe56bace7f45b5e7d1a6ebcbf524e8f3bd87eb0f125271b8831f"},
]
packaging = [
    {file = "packaging-21.3-py3-none-any.whl", hash = "sha256:ef103e05f519cdc783ae24ea4e2e0f508a9c99b2d4969652eed6a2e1ea5bd522"},
    {file = "packaging-21.3.tar.gz", hash = "sha256:dd47c42927d89ab911e606518907cc2d3a1f38bbd026385970643f9c5b8ecfeb"},
]
pluggy = [
    {file = "pluggy-1.0.0-py2.py3-none-any.whl", hash = "sha256:74134bbf457f031a36d68416e1509f34bd5ccc019f0bcc952c7b909d06b37bd3"},
    {file = "pluggy-1.0.0.tar.gz", hash = "sha256:4224373bacce55f955a878bf9cfa763c1e360858e330072059e10bad68531159"},
]
py = [
    {file = "py-1.11.0-py2.py3-none-any.whl", hash = "sha256:607c53218732647dff4acdfcd50cb62615cedf612e72d1724fb1a0cc6405b378"},
    {file = "py-1.11.0.tar.gz", hash = "sha256:51c75c4126074b472f746a24399ad32f6053d1b34b68d2fa41e558e6f4a98719"},
]
pycodestyle = [
    {file = "pycodestyle-2.8.0-py2.py3-none-any.whl", hash = "sha256:720f8b39dde8b293825e7ff02c475f3077124006db4f440dcbc9a20b76548a20"},
    {file = "pycodestyle-2.8.0.tar.gz", hash = "sha256:eddd5847ef438ea1c7870ca7eb78a9d47ce0cdb4851a5523949f2601d0cbbe7f"},
]
pyflakes = [
    {file = "pyflakes-2.4.0-py2.py3-none-any.whl", hash = "sha256:3bb3a3f256f4b7968c9c788781e4ff07dce46bdf12339dcda61053375426ee2e"},
    {file = "pyflakes-2.4.0.tar.gz", hash = "sha256:05a85c2872edf37a4ed30b0cce2f6093e1d0581f8c19d7393122da7e25b2b24c"},
]
pyparsing = [
    {file = "pyparsing-3.0.9-py3-none-any.whl", hash = "sha256:5026bae9a10eeaefb61dab2f09052b9f4307d44aee4eda64b309723d8d206bbc"},
    {file = "pyparsing-3.0.9.tar.gz", hash = "sha256:2b020ecf7d21b687f219b71ecad3631f644a47f01403fa1d1036b0c6416d70fb"},
]
pytest = [
    {file = "pytest-7.1.2-py3-none-any.whl", hash = "sha256:13d0e3ccfc2b6e26be000cb6568c832ba67ba32e719443bfe725814d3c42433c"},
    {file = "pytest-7.1.2.tar.gz", hash = "sha256:a06a0425453864a270bc45e71f783330a7428defb4230fb5e6a731fde06ecd45"},
]
pytest-cov = [
    {file = "pytest-cov-3.0.0.tar.gz", hash = "sha256:e7f0f5b1617d2210a2cabc266dfe2f4c75a8d32fb89eafb7ad9d06f6d076d470"},
    {file = "pytest_cov-3.0.0-py3-none-any.whl", hash = "sha256:578d5d15ac4a25e5f961c938b85a05b09fdaae9deef3bb6de9a6e766622ca7a6"},
]
pytest-django = [
    {file = "pytest-django-4.5.2.tar.gz", hash = "sha256:d9076f759bb7c36939dbdd5ae6633c18edfc2902d1a69fdbefd2426b970ce6c2"},
    {file = "pytest_django-4.5.2-py3-none-any.whl", hash = "sha256:c60834861933773109334fe5a53e83d1ef4828f2203a1d6a0fa9972f4f75ab3e"},
]
pytest-flake8 = [
    {file = "pytest-flake8-1.1.1.tar.gz", hash = "sha256:ba4f243de3cb4c2486ed9e70752c80dd4b636f7ccb27d4eba763c35ed0cd316e"},
    {file = "pytest_flake8-1.1.1-py2.py3-none-any.whl", hash = "sha256:e0661a786f8cbf976c185f706fdaf5d6df0b1667c3bcff8e823ba263618627e7"},
]
sqlparse = [
    {file = "sqlparse-0.4.2-py3-none-any.whl", hash = "sha256:48719e356bb8b42991bdbb1e8b83223757b93789c00910a616a071910ca4a64d"},
    {file = "sqlparse-0.4.2.tar.gz", hash = "sha256:0c00730c74263a94e5a9919ade150dfc3b19c574389985446148402998287dae"},
]
tomli = [
    {file = "tomli-2.0.1-py3-none-any.whl", hash = "sha256:939de3e7a6161af0c887ef91b7d41a53e7c5a1ca976325f429cb46ea9bc30ecc"},
    {file = "tomli-2.0.1.tar.gz", hash = "sha256:de526c12914f0c550d15924c62d72abc48d6fe7364aa87328337a31007fe8a4f"},
]
tzdata = [
    {file = "tzdata-2022.1-py2.py3-none-any.whl", hash = "sha256:238e70234214138ed7b4e8a0fab0e5e13872edab3be586ab8198c407620e2ab9"},
    {file = "tzdata-2022.1.tar.gz", hash = "sha256:8b536a8ec63dc0751342b3984193a3118f8fca2afe25752bb9b7fffd398552d3"},
]
